// !$*UTF8*$!
{
	archiveVersion = 1;
	classes = {
	};
	objectVersion = 52;
	objects = {

/* Begin PBXBuildFile section */
		183E4B3824EB729E00394B54 /* SASSuperAlert.swift in Sources */ = {isa = PBXBuildFile; fileRef = 183E4B3724EB729E00394B54 /* SASSuperAlert.swift */; };
		183E4B3B24EB74E900394B54 /* HomePickUpLocTableViewCell.swift in Sources */ = {isa = PBXBuildFile; fileRef = 183E4B3A24EB74E900394B54 /* HomePickUpLocTableViewCell.swift */; };
		183E4B3D24EB79AF00394B54 /* HomePickUpLocCellModel.swift in Sources */ = {isa = PBXBuildFile; fileRef = 183E4B3C24EB79AF00394B54 /* HomePickUpLocCellModel.swift */; };
		1845667824ECBF1C006CE14F /* UIViewCustom.swift in Sources */ = {isa = PBXBuildFile; fileRef = 1845667724ECBF1C006CE14F /* UIViewCustom.swift */; };
		1845667A24ECBF27006CE14F /* UIButtonCustom.swift in Sources */ = {isa = PBXBuildFile; fileRef = 1845667924ECBF27006CE14F /* UIButtonCustom.swift */; };
		1845667D24ECCE69006CE14F /* APILib in Frameworks */ = {isa = PBXBuildFile; productRef = 1845667C24ECCE69006CE14F /* APILib */; };
		18502C6324EAD39C001385BB /* AppDelegate.swift in Sources */ = {isa = PBXBuildFile; fileRef = 18502C6224EAD39C001385BB /* AppDelegate.swift */; };
		18502C6524EAD39C001385BB /* SceneDelegate.swift in Sources */ = {isa = PBXBuildFile; fileRef = 18502C6424EAD39C001385BB /* SceneDelegate.swift */; };
		18502C6A24EAD39C001385BB /* Main.storyboard in Resources */ = {isa = PBXBuildFile; fileRef = 18502C6824EAD39C001385BB /* Main.storyboard */; };
		18502C6C24EAD3A1001385BB /* Assets.xcassets in Resources */ = {isa = PBXBuildFile; fileRef = 18502C6B24EAD3A1001385BB /* Assets.xcassets */; };
		18502C6F24EAD3A1001385BB /* LaunchScreen.storyboard in Resources */ = {isa = PBXBuildFile; fileRef = 18502C6D24EAD3A1001385BB /* LaunchScreen.storyboard */; };
		18502C7A24EAD3A2001385BB /* GoodBitsStoreTests.swift in Sources */ = {isa = PBXBuildFile; fileRef = 18502C7924EAD3A2001385BB /* GoodBitsStoreTests.swift */; };
		18502C8524EAD3A2001385BB /* GoodBitsStoreUITests.swift in Sources */ = {isa = PBXBuildFile; fileRef = 18502C8424EAD3A2001385BB /* GoodBitsStoreUITests.swift */; };
		18502C9824EAD713001385BB /* Alamofire in Frameworks */ = {isa = PBXBuildFile; productRef = 18502C9724EAD713001385BB /* Alamofire */; };
		18502CA024EAD995001385BB /* APILibrary.swift in Sources */ = {isa = PBXBuildFile; fileRef = 18502C9F24EAD995001385BB /* APILibrary.swift */; };
		18502CA324EADA6D001385BB /* Constants.swift in Sources */ = {isa = PBXBuildFile; fileRef = 18502CA224EADA6D001385BB /* Constants.swift */; };
		18502CA724EADE03001385BB /* Results.swift in Sources */ = {isa = PBXBuildFile; fileRef = 18502CA624EADE03001385BB /* Results.swift */; };
		18502CAA24EADE3E001385BB /* ModelResponse.swift in Sources */ = {isa = PBXBuildFile; fileRef = 18502CA924EADE3E001385BB /* ModelResponse.swift */; };
		18502CAD24EADE91001385BB /* SASLogger in Frameworks */ = {isa = PBXBuildFile; productRef = 18502CAC24EADE91001385BB /* SASLogger */; };
		1866312624EC2006005F83B5 /* APILibraryTests.swift in Sources */ = {isa = PBXBuildFile; fileRef = 1866312524EC2006005F83B5 /* APILibraryTests.swift */; };
		18F1689F24EAE3E6003104FD /* PickupLocationsModel.swift in Sources */ = {isa = PBXBuildFile; fileRef = 18F1689E24EAE3E6003104FD /* PickupLocationsModel.swift */; };
		18F168A624EAE402003104FD /* Primary.swift in Sources */ = {isa = PBXBuildFile; fileRef = 18F168A024EAE402003104FD /* Primary.swift */; };
		18F168A724EAE402003104FD /* Features.swift in Sources */ = {isa = PBXBuildFile; fileRef = 18F168A124EAE402003104FD /* Features.swift */; };
		18F168A824EAE402003104FD /* Images.swift in Sources */ = {isa = PBXBuildFile; fileRef = 18F168A224EAE402003104FD /* Images.swift */; };
		18F168A924EAE402003104FD /* Floormap.swift in Sources */ = {isa = PBXBuildFile; fileRef = 18F168A324EAE402003104FD /* Floormap.swift */; };
		18F168AA24EAE402003104FD /* Pickup.swift in Sources */ = {isa = PBXBuildFile; fileRef = 18F168A424EAE402003104FD /* Pickup.swift */; };
		18F168AB24EAE402003104FD /* Store.swift in Sources */ = {isa = PBXBuildFile; fileRef = 18F168A524EAE402003104FD /* Store.swift */; };
		18F168AD24EAE4EE003104FD /* HomePickUpLocViewController.swift in Sources */ = {isa = PBXBuildFile; fileRef = 18F168AC24EAE4EE003104FD /* HomePickUpLocViewController.swift */; };
		18F168AF24EAE520003104FD /* NSObject+Ext.swift in Sources */ = {isa = PBXBuildFile; fileRef = 18F168AE24EAE520003104FD /* NSObject+Ext.swift */; };
		18F168B124EAE5D7003104FD /* HomePickupLocViewModel.swift in Sources */ = {isa = PBXBuildFile; fileRef = 18F168B024EAE5D7003104FD /* HomePickupLocViewModel.swift */; };
		57DD732B045CA5BA3E0D4331 /* Pods_GoodBitsStoreTests.framework in Frameworks */ = {isa = PBXBuildFile; fileRef = 89615FB885D64C1DA2443935 /* Pods_GoodBitsStoreTests.framework */; };
		795480B0F89F1B6F085E6D47 /* Pods_GoodBitsStore_GoodBitsStoreUITests.framework in Frameworks */ = {isa = PBXBuildFile; fileRef = 244ADEEB2733CDCAD953964A /* Pods_GoodBitsStore_GoodBitsStoreUITests.framework */; };
		98273FB5A30869EA1EDD750F /* Pods_GoodBitsStore.framework in Frameworks */ = {isa = PBXBuildFile; fileRef = 33B564BAB03F5195D9BB8807 /* Pods_GoodBitsStore.framework */; };
		9D3490F424ED64B90008BC53 /* Settings.bundle in Resources */ = {isa = PBXBuildFile; fileRef = 9D3490F324ED64B90008BC53 /* Settings.bundle */; };
		9D43EDA024EBCF2E00ABFE7F /* Double+Ext.swift in Sources */ = {isa = PBXBuildFile; fileRef = 9D43ED9F24EBCF2E00ABFE7F /* Double+Ext.swift */; };
/* End PBXBuildFile section */

/* Begin PBXContainerItemProxy section */
		18502C7624EAD3A2001385BB /* PBXContainerItemProxy */ = {
			isa = PBXContainerItemProxy;
			containerPortal = 18502C5724EAD39C001385BB /* Project object */;
			proxyType = 1;
			remoteGlobalIDString = 18502C5E24EAD39C001385BB;
			remoteInfo = GoodBitsStore;
		};
		18502C8124EAD3A2001385BB /* PBXContainerItemProxy */ = {
			isa = PBXContainerItemProxy;
			containerPortal = 18502C5724EAD39C001385BB /* Project object */;
			proxyType = 1;
			remoteGlobalIDString = 18502C5E24EAD39C001385BB;
			remoteInfo = GoodBitsStore;
		};
/* End PBXContainerItemProxy section */

/* Begin PBXFileReference section */
		0B1667480FAB6BB90147E0D2 /* Pods-GoodBitsStore-GoodBitsStoreUITests.release.xcconfig */ = {isa = PBXFileReference; includeInIndex = 1; lastKnownFileType = text.xcconfig; name = "Pods-GoodBitsStore-GoodBitsStoreUITests.release.xcconfig"; path = "Target Support Files/Pods-GoodBitsStore-GoodBitsStoreUITests/Pods-GoodBitsStore-GoodBitsStoreUITests.release.xcconfig"; sourceTree = "<group>"; };
		183E4B3724EB729E00394B54 /* SASSuperAlert.swift */ = {isa = PBXFileReference; fileEncoding = 4; lastKnownFileType = sourcecode.swift; path = SASSuperAlert.swift; sourceTree = "<group>"; };
		183E4B3A24EB74E900394B54 /* HomePickUpLocTableViewCell.swift */ = {isa = PBXFileReference; lastKnownFileType = sourcecode.swift; path = HomePickUpLocTableViewCell.swift; sourceTree = "<group>"; };
		183E4B3C24EB79AF00394B54 /* HomePickUpLocCellModel.swift */ = {isa = PBXFileReference; lastKnownFileType = sourcecode.swift; path = HomePickUpLocCellModel.swift; sourceTree = "<group>"; };
		1845667724ECBF1C006CE14F /* UIViewCustom.swift */ = {isa = PBXFileReference; fileEncoding = 4; lastKnownFileType = sourcecode.swift; path = UIViewCustom.swift; sourceTree = "<group>"; };
		1845667924ECBF27006CE14F /* UIButtonCustom.swift */ = {isa = PBXFileReference; fileEncoding = 4; lastKnownFileType = sourcecode.swift; path = UIButtonCustom.swift; sourceTree = "<group>"; };
		18502C5F24EAD39C001385BB /* GoodBitsStore.app */ = {isa = PBXFileReference; explicitFileType = wrapper.application; includeInIndex = 0; path = GoodBitsStore.app; sourceTree = BUILT_PRODUCTS_DIR; };
		18502C6224EAD39C001385BB /* AppDelegate.swift */ = {isa = PBXFileReference; lastKnownFileType = sourcecode.swift; path = AppDelegate.swift; sourceTree = "<group>"; };
		18502C6424EAD39C001385BB /* SceneDelegate.swift */ = {isa = PBXFileReference; lastKnownFileType = sourcecode.swift; path = SceneDelegate.swift; sourceTree = "<group>"; };
		18502C6924EAD39C001385BB /* Base */ = {isa = PBXFileReference; lastKnownFileType = file.storyboard; name = Base; path = Base.lproj/Main.storyboard; sourceTree = "<group>"; };
		18502C6B24EAD3A1001385BB /* Assets.xcassets */ = {isa = PBXFileReference; lastKnownFileType = folder.assetcatalog; path = Assets.xcassets; sourceTree = "<group>"; };
		18502C6E24EAD3A1001385BB /* Base */ = {isa = PBXFileReference; lastKnownFileType = file.storyboard; name = Base; path = Base.lproj/LaunchScreen.storyboard; sourceTree = "<group>"; };
		18502C7024EAD3A1001385BB /* Info.plist */ = {isa = PBXFileReference; lastKnownFileType = text.plist.xml; path = Info.plist; sourceTree = "<group>"; };
		18502C7524EAD3A2001385BB /* GoodBitsStoreTests.xctest */ = {isa = PBXFileReference; explicitFileType = wrapper.cfbundle; includeInIndex = 0; path = GoodBitsStoreTests.xctest; sourceTree = BUILT_PRODUCTS_DIR; };
		18502C7924EAD3A2001385BB /* GoodBitsStoreTests.swift */ = {isa = PBXFileReference; lastKnownFileType = sourcecode.swift; path = GoodBitsStoreTests.swift; sourceTree = "<group>"; };
		18502C7B24EAD3A2001385BB /* Info.plist */ = {isa = PBXFileReference; lastKnownFileType = text.plist.xml; path = Info.plist; sourceTree = "<group>"; };
		18502C8024EAD3A2001385BB /* GoodBitsStoreUITests.xctest */ = {isa = PBXFileReference; explicitFileType = wrapper.cfbundle; includeInIndex = 0; path = GoodBitsStoreUITests.xctest; sourceTree = BUILT_PRODUCTS_DIR; };
		18502C8424EAD3A2001385BB /* GoodBitsStoreUITests.swift */ = {isa = PBXFileReference; lastKnownFileType = sourcecode.swift; path = GoodBitsStoreUITests.swift; sourceTree = "<group>"; };
		18502C8624EAD3A2001385BB /* Info.plist */ = {isa = PBXFileReference; lastKnownFileType = text.plist.xml; path = Info.plist; sourceTree = "<group>"; };
		18502C9F24EAD995001385BB /* APILibrary.swift */ = {isa = PBXFileReference; lastKnownFileType = sourcecode.swift; path = APILibrary.swift; sourceTree = "<group>"; };
		18502CA224EADA6D001385BB /* Constants.swift */ = {isa = PBXFileReference; lastKnownFileType = sourcecode.swift; path = Constants.swift; sourceTree = "<group>"; };
		18502CA624EADE03001385BB /* Results.swift */ = {isa = PBXFileReference; fileEncoding = 4; lastKnownFileType = sourcecode.swift; path = Results.swift; sourceTree = "<group>"; };
		18502CA924EADE3E001385BB /* ModelResponse.swift */ = {isa = PBXFileReference; fileEncoding = 4; lastKnownFileType = sourcecode.swift; path = ModelResponse.swift; sourceTree = "<group>"; };
		1866312524EC2006005F83B5 /* APILibraryTests.swift */ = {isa = PBXFileReference; lastKnownFileType = sourcecode.swift; path = APILibraryTests.swift; sourceTree = "<group>"; };
		18F1689E24EAE3E6003104FD /* PickupLocationsModel.swift */ = {isa = PBXFileReference; fileEncoding = 4; lastKnownFileType = sourcecode.swift; path = PickupLocationsModel.swift; sourceTree = "<group>"; };
		18F168A024EAE402003104FD /* Primary.swift */ = {isa = PBXFileReference; fileEncoding = 4; lastKnownFileType = sourcecode.swift; path = Primary.swift; sourceTree = "<group>"; };
		18F168A124EAE402003104FD /* Features.swift */ = {isa = PBXFileReference; fileEncoding = 4; lastKnownFileType = sourcecode.swift; path = Features.swift; sourceTree = "<group>"; };
		18F168A224EAE402003104FD /* Images.swift */ = {isa = PBXFileReference; fileEncoding = 4; lastKnownFileType = sourcecode.swift; path = Images.swift; sourceTree = "<group>"; };
		18F168A324EAE402003104FD /* Floormap.swift */ = {isa = PBXFileReference; fileEncoding = 4; lastKnownFileType = sourcecode.swift; path = Floormap.swift; sourceTree = "<group>"; };
		18F168A424EAE402003104FD /* Pickup.swift */ = {isa = PBXFileReference; fileEncoding = 4; lastKnownFileType = sourcecode.swift; path = Pickup.swift; sourceTree = "<group>"; };
		18F168A524EAE402003104FD /* Store.swift */ = {isa = PBXFileReference; fileEncoding = 4; lastKnownFileType = sourcecode.swift; path = Store.swift; sourceTree = "<group>"; };
		18F168AC24EAE4EE003104FD /* HomePickUpLocViewController.swift */ = {isa = PBXFileReference; lastKnownFileType = sourcecode.swift; path = HomePickUpLocViewController.swift; sourceTree = "<group>"; };
		18F168AE24EAE520003104FD /* NSObject+Ext.swift */ = {isa = PBXFileReference; lastKnownFileType = sourcecode.swift; path = "NSObject+Ext.swift"; sourceTree = "<group>"; };
		18F168B024EAE5D7003104FD /* HomePickupLocViewModel.swift */ = {isa = PBXFileReference; lastKnownFileType = sourcecode.swift; path = HomePickupLocViewModel.swift; sourceTree = "<group>"; };
		244ADEEB2733CDCAD953964A /* Pods_GoodBitsStore_GoodBitsStoreUITests.framework */ = {isa = PBXFileReference; explicitFileType = wrapper.framework; includeInIndex = 0; path = Pods_GoodBitsStore_GoodBitsStoreUITests.framework; sourceTree = BUILT_PRODUCTS_DIR; };
		33B564BAB03F5195D9BB8807 /* Pods_GoodBitsStore.framework */ = {isa = PBXFileReference; explicitFileType = wrapper.framework; includeInIndex = 0; path = Pods_GoodBitsStore.framework; sourceTree = BUILT_PRODUCTS_DIR; };
		4EBADD5272BF08810CDDBF3E /* Pods-GoodBitsStore.release.xcconfig */ = {isa = PBXFileReference; includeInIndex = 1; lastKnownFileType = text.xcconfig; name = "Pods-GoodBitsStore.release.xcconfig"; path = "Target Support Files/Pods-GoodBitsStore/Pods-GoodBitsStore.release.xcconfig"; sourceTree = "<group>"; };
		89615FB885D64C1DA2443935 /* Pods_GoodBitsStoreTests.framework */ = {isa = PBXFileReference; explicitFileType = wrapper.framework; includeInIndex = 0; path = Pods_GoodBitsStoreTests.framework; sourceTree = BUILT_PRODUCTS_DIR; };
		8ABBF1A390877B9768A3C54B /* Pods-GoodBitsStore.debug.xcconfig */ = {isa = PBXFileReference; includeInIndex = 1; lastKnownFileType = text.xcconfig; name = "Pods-GoodBitsStore.debug.xcconfig"; path = "Target Support Files/Pods-GoodBitsStore/Pods-GoodBitsStore.debug.xcconfig"; sourceTree = "<group>"; };
		9C54E369006F5B089B02F207 /* Pods-GoodBitsStore-GoodBitsStoreUITests.debug.xcconfig */ = {isa = PBXFileReference; includeInIndex = 1; lastKnownFileType = text.xcconfig; name = "Pods-GoodBitsStore-GoodBitsStoreUITests.debug.xcconfig"; path = "Target Support Files/Pods-GoodBitsStore-GoodBitsStoreUITests/Pods-GoodBitsStore-GoodBitsStoreUITests.debug.xcconfig"; sourceTree = "<group>"; };
		9D3490F324ED64B90008BC53 /* Settings.bundle */ = {isa = PBXFileReference; lastKnownFileType = "wrapper.plug-in"; path = Settings.bundle; sourceTree = "<group>"; };
		9D43ED9F24EBCF2E00ABFE7F /* Double+Ext.swift */ = {isa = PBXFileReference; lastKnownFileType = sourcecode.swift; path = "Double+Ext.swift"; sourceTree = "<group>"; };
		BB555625ECA3DA8A0FA570C9 /* Pods-GoodBitsStoreTests.debug.xcconfig */ = {isa = PBXFileReference; includeInIndex = 1; lastKnownFileType = text.xcconfig; name = "Pods-GoodBitsStoreTests.debug.xcconfig"; path = "Target Support Files/Pods-GoodBitsStoreTests/Pods-GoodBitsStoreTests.debug.xcconfig"; sourceTree = "<group>"; };
		D9D0DFA2AD036612B8C4A197 /* Pods-GoodBitsStoreTests.release.xcconfig */ = {isa = PBXFileReference; includeInIndex = 1; lastKnownFileType = text.xcconfig; name = "Pods-GoodBitsStoreTests.release.xcconfig"; path = "Target Support Files/Pods-GoodBitsStoreTests/Pods-GoodBitsStoreTests.release.xcconfig"; sourceTree = "<group>"; };
/* End PBXFileReference section */

/* Begin PBXFrameworksBuildPhase section */
		18502C5C24EAD39C001385BB /* Frameworks */ = {
			isa = PBXFrameworksBuildPhase;
			buildActionMask = 2147483647;
			files = (
				1845667D24ECCE69006CE14F /* APILib in Frameworks */,
				18502C9824EAD713001385BB /* Alamofire in Frameworks */,
				18502CAD24EADE91001385BB /* SASLogger in Frameworks */,
				98273FB5A30869EA1EDD750F /* Pods_GoodBitsStore.framework in Frameworks */,
			);
			runOnlyForDeploymentPostprocessing = 0;
		};
		18502C7224EAD3A2001385BB /* Frameworks */ = {
			isa = PBXFrameworksBuildPhase;
			buildActionMask = 2147483647;
			files = (
				57DD732B045CA5BA3E0D4331 /* Pods_GoodBitsStoreTests.framework in Frameworks */,
			);
			runOnlyForDeploymentPostprocessing = 0;
		};
		18502C7D24EAD3A2001385BB /* Frameworks */ = {
			isa = PBXFrameworksBuildPhase;
			buildActionMask = 2147483647;
			files = (
				795480B0F89F1B6F085E6D47 /* Pods_GoodBitsStore_GoodBitsStoreUITests.framework in Frameworks */,
			);
			runOnlyForDeploymentPostprocessing = 0;
		};
/* End PBXFrameworksBuildPhase section */

/* Begin PBXGroup section */
		11FF302A2F0B50F903279D8B /* Pods */ = {
			isa = PBXGroup;
			children = (
				8ABBF1A390877B9768A3C54B /* Pods-GoodBitsStore.debug.xcconfig */,
				4EBADD5272BF08810CDDBF3E /* Pods-GoodBitsStore.release.xcconfig */,
				9C54E369006F5B089B02F207 /* Pods-GoodBitsStore-GoodBitsStoreUITests.debug.xcconfig */,
				0B1667480FAB6BB90147E0D2 /* Pods-GoodBitsStore-GoodBitsStoreUITests.release.xcconfig */,
				BB555625ECA3DA8A0FA570C9 /* Pods-GoodBitsStoreTests.debug.xcconfig */,
				D9D0DFA2AD036612B8C4A197 /* Pods-GoodBitsStoreTests.release.xcconfig */,
			);
			path = Pods;
			sourceTree = "<group>";
		};
		1811D5C524EC3EAF0056FCC8 /* Frameworks */ = {
			isa = PBXGroup;
			children = (
				33B564BAB03F5195D9BB8807 /* Pods_GoodBitsStore.framework */,
				244ADEEB2733CDCAD953964A /* Pods_GoodBitsStore_GoodBitsStoreUITests.framework */,
				89615FB885D64C1DA2443935 /* Pods_GoodBitsStoreTests.framework */,
			);
			name = Frameworks;
			sourceTree = "<group>";
		};
		183E4B3924EB749600394B54 /* ViewModels */ = {
			isa = PBXGroup;
			children = (
				18F168B024EAE5D7003104FD /* HomePickupLocViewModel.swift */,
				183E4B3C24EB79AF00394B54 /* HomePickUpLocCellModel.swift */,
			);
			path = ViewModels;
			sourceTree = "<group>";
		};
		1845667624ECBEF5006CE14F /* Views */ = {
			isa = PBXGroup;
			children = (
				1845667924ECBF27006CE14F /* UIButtonCustom.swift */,
				1845667724ECBF1C006CE14F /* UIViewCustom.swift */,
			);
			path = Views;
			sourceTree = "<group>";
		};
		18502C5624EAD39C001385BB = {
			isa = PBXGroup;
			children = (
				9D3490F324ED64B90008BC53 /* Settings.bundle */,
				18502C6124EAD39C001385BB /* GoodBitsStore */,
				18502C7824EAD3A2001385BB /* GoodBitsStoreTests */,
				18502C8324EAD3A2001385BB /* GoodBitsStoreUITests */,
				18502C6024EAD39C001385BB /* Products */,
				1811D5C524EC3EAF0056FCC8 /* Frameworks */,
				11FF302A2F0B50F903279D8B /* Pods */,
			);
			sourceTree = "<group>";
		};
		18502C6024EAD39C001385BB /* Products */ = {
			isa = PBXGroup;
			children = (
				18502C5F24EAD39C001385BB /* GoodBitsStore.app */,
				18502C7524EAD3A2001385BB /* GoodBitsStoreTests.xctest */,
				18502C8024EAD3A2001385BB /* GoodBitsStoreUITests.xctest */,
			);
			name = Products;
			sourceTree = "<group>";
		};
		18502C6124EAD39C001385BB /* GoodBitsStore */ = {
			isa = PBXGroup;
			children = (
				1845667624ECBEF5006CE14F /* Views */,
				18502C6224EAD39C001385BB /* AppDelegate.swift */,
				18502C6424EAD39C001385BB /* SceneDelegate.swift */,
				18502C9C24EAD76D001385BB /* NetworkModule */,
				18502CA824EADE23001385BB /* Model */,
				183E4B3924EB749600394B54 /* ViewModels */,
				18502C9524EAD5E0001385BB /* ViewControllers */,
				18502C9224EAD539001385BB /* Storyboards */,
				18502CA124EADA59001385BB /* Exts */,
				18502C9324EAD56E001385BB /* Resources */,
				18502C9424EAD589001385BB /* ConfigFiles */,
			);
			path = GoodBitsStore;
			sourceTree = "<group>";
		};
		18502C7824EAD3A2001385BB /* GoodBitsStoreTests */ = {
			isa = PBXGroup;
			children = (
				1866312524EC2006005F83B5 /* APILibraryTests.swift */,
				18502C7924EAD3A2001385BB /* GoodBitsStoreTests.swift */,
				18502C7B24EAD3A2001385BB /* Info.plist */,
			);
			path = GoodBitsStoreTests;
			sourceTree = "<group>";
		};
		18502C8324EAD3A2001385BB /* GoodBitsStoreUITests */ = {
			isa = PBXGroup;
			children = (
				18502C8424EAD3A2001385BB /* GoodBitsStoreUITests.swift */,
				18502C8624EAD3A2001385BB /* Info.plist */,
			);
			path = GoodBitsStoreUITests;
			sourceTree = "<group>";
		};
		18502C9224EAD539001385BB /* Storyboards */ = {
			isa = PBXGroup;
			children = (
				18502C6824EAD39C001385BB /* Main.storyboard */,
				18502C6D24EAD3A1001385BB /* LaunchScreen.storyboard */,
			);
			path = Storyboards;
			sourceTree = "<group>";
		};
		18502C9324EAD56E001385BB /* Resources */ = {
			isa = PBXGroup;
			children = (
				18502C6B24EAD3A1001385BB /* Assets.xcassets */,
			);
			path = Resources;
			sourceTree = "<group>";
		};
		18502C9424EAD589001385BB /* ConfigFiles */ = {
			isa = PBXGroup;
			children = (
				18502C7024EAD3A1001385BB /* Info.plist */,
			);
			path = ConfigFiles;
			sourceTree = "<group>";
		};
		18502C9524EAD5E0001385BB /* ViewControllers */ = {
			isa = PBXGroup;
			children = (
				18F168AC24EAE4EE003104FD /* HomePickUpLocViewController.swift */,
				183E4B3A24EB74E900394B54 /* HomePickUpLocTableViewCell.swift */,
			);
			path = ViewControllers;
			sourceTree = "<group>";
		};
		18502C9C24EAD76D001385BB /* NetworkModule */ = {
			isa = PBXGroup;
			children = (
				18502CA224EADA6D001385BB /* Constants.swift */,
				18502C9F24EAD995001385BB /* APILibrary.swift */,
			);
			path = NetworkModule;
			sourceTree = "<group>";
		};
		18502CA124EADA59001385BB /* Exts */ = {
			isa = PBXGroup;
			children = (
				183E4B3724EB729E00394B54 /* SASSuperAlert.swift */,
				18F168AE24EAE520003104FD /* NSObject+Ext.swift */,
				9D43ED9F24EBCF2E00ABFE7F /* Double+Ext.swift */,
			);
			path = Exts;
			sourceTree = "<group>";
		};
		18502CA824EADE23001385BB /* Model */ = {
			isa = PBXGroup;
			children = (
				18F1689D24EAE3D1003104FD /* PickupLocationsModel */,
				18502CA624EADE03001385BB /* Results.swift */,
				18502CA924EADE3E001385BB /* ModelResponse.swift */,
			);
			path = Model;
			sourceTree = "<group>";
		};
		18F1689D24EAE3D1003104FD /* PickupLocationsModel */ = {
			isa = PBXGroup;
			children = (
				18F168A124EAE402003104FD /* Features.swift */,
				18F168A324EAE402003104FD /* Floormap.swift */,
				18F168A224EAE402003104FD /* Images.swift */,
				18F168A424EAE402003104FD /* Pickup.swift */,
				18F168A024EAE402003104FD /* Primary.swift */,
				18F168A524EAE402003104FD /* Store.swift */,
				18F1689E24EAE3E6003104FD /* PickupLocationsModel.swift */,
			);
			path = PickupLocationsModel;
			sourceTree = "<group>";
		};
/* End PBXGroup section */

/* Begin PBXNativeTarget section */
		18502C5E24EAD39C001385BB /* GoodBitsStore */ = {
			isa = PBXNativeTarget;
			buildConfigurationList = 18502C8924EAD3A2001385BB /* Build configuration list for PBXNativeTarget "GoodBitsStore" */;
			buildPhases = (
				AD2E3DB734D9BD42F71AEABF /* [CP] Check Pods Manifest.lock */,
				18502C5B24EAD39C001385BB /* Sources */,
				18502C5C24EAD39C001385BB /* Frameworks */,
				18502C5D24EAD39C001385BB /* Resources */,
				3B9A8D1129AFB6B0CA15EB59 /* [CP] Embed Pods Frameworks */,
			);
			buildRules = (
			);
			dependencies = (
			);
			name = GoodBitsStore;
			packageProductDependencies = (
				18502C9724EAD713001385BB /* Alamofire */,
				18502CAC24EADE91001385BB /* SASLogger */,
				1845667C24ECCE69006CE14F /* APILib */,
			);
			productName = GoodBitsStore;
			productReference = 18502C5F24EAD39C001385BB /* GoodBitsStore.app */;
			productType = "com.apple.product-type.application";
		};
		18502C7424EAD3A2001385BB /* GoodBitsStoreTests */ = {
			isa = PBXNativeTarget;
			buildConfigurationList = 18502C8C24EAD3A2001385BB /* Build configuration list for PBXNativeTarget "GoodBitsStoreTests" */;
			buildPhases = (
				BF2542AE14F9FC116BEE1AB0 /* [CP] Check Pods Manifest.lock */,
				18502C7124EAD3A2001385BB /* Sources */,
				18502C7224EAD3A2001385BB /* Frameworks */,
				18502C7324EAD3A2001385BB /* Resources */,
			);
			buildRules = (
			);
			dependencies = (
				18502C7724EAD3A2001385BB /* PBXTargetDependency */,
			);
			name = GoodBitsStoreTests;
			productName = GoodBitsStoreTests;
			productReference = 18502C7524EAD3A2001385BB /* GoodBitsStoreTests.xctest */;
			productType = "com.apple.product-type.bundle.unit-test";
		};
		18502C7F24EAD3A2001385BB /* GoodBitsStoreUITests */ = {
			isa = PBXNativeTarget;
			buildConfigurationList = 18502C8F24EAD3A2001385BB /* Build configuration list for PBXNativeTarget "GoodBitsStoreUITests" */;
			buildPhases = (
				E325573B297B4867DB4BDE81 /* [CP] Check Pods Manifest.lock */,
				18502C7C24EAD3A2001385BB /* Sources */,
				18502C7D24EAD3A2001385BB /* Frameworks */,
				18502C7E24EAD3A2001385BB /* Resources */,
				92A5F8E732FFA33BFC6EF5A7 /* [CP] Embed Pods Frameworks */,
				9D3490F124ED55350008BC53 /* ShellScript */,
			);
			buildRules = (
			);
			dependencies = (
				18502C8224EAD3A2001385BB /* PBXTargetDependency */,
			);
			name = GoodBitsStoreUITests;
			productName = GoodBitsStoreUITests;
			productReference = 18502C8024EAD3A2001385BB /* GoodBitsStoreUITests.xctest */;
			productType = "com.apple.product-type.bundle.ui-testing";
		};
/* End PBXNativeTarget section */

/* Begin PBXProject section */
		18502C5724EAD39C001385BB /* Project object */ = {
			isa = PBXProject;
			attributes = {
				LastSwiftUpdateCheck = 1160;
				LastUpgradeCheck = 1160;
				ORGANIZATIONNAME = Tech_Tonic;
				TargetAttributes = {
					18502C5E24EAD39C001385BB = {
						CreatedOnToolsVersion = 11.6;
					};
					18502C7424EAD3A2001385BB = {
						CreatedOnToolsVersion = 11.6;
						TestTargetID = 18502C5E24EAD39C001385BB;
					};
					18502C7F24EAD3A2001385BB = {
						CreatedOnToolsVersion = 11.6;
						TestTargetID = 18502C5E24EAD39C001385BB;
					};
				};
			};
			buildConfigurationList = 18502C5A24EAD39C001385BB /* Build configuration list for PBXProject "GoodBitsStore" */;
			compatibilityVersion = "Xcode 9.3";
			developmentRegion = en;
			hasScannedForEncodings = 0;
			knownRegions = (
				en,
				Base,
			);
			mainGroup = 18502C5624EAD39C001385BB;
			packageReferences = (
				18502C9624EAD713001385BB /* XCRemoteSwiftPackageReference "Alamofire" */,
				18502CAB24EADE91001385BB /* XCRemoteSwiftPackageReference "SASLogger" */,
				1845667B24ECCE69006CE14F /* XCRemoteSwiftPackageReference "APILib" */,
			);
			productRefGroup = 18502C6024EAD39C001385BB /* Products */;
			projectDirPath = "";
			projectRoot = "";
			targets = (
				18502C5E24EAD39C001385BB /* GoodBitsStore */,
				18502C7424EAD3A2001385BB /* GoodBitsStoreTests */,
				18502C7F24EAD3A2001385BB /* GoodBitsStoreUITests */,
			);
		};
/* End PBXProject section */

/* Begin PBXResourcesBuildPhase section */
		18502C5D24EAD39C001385BB /* Resources */ = {
			isa = PBXResourcesBuildPhase;
			buildActionMask = 2147483647;
			files = (
				9D3490F424ED64B90008BC53 /* Settings.bundle in Resources */,
				18502C6F24EAD3A1001385BB /* LaunchScreen.storyboard in Resources */,
				18502C6C24EAD3A1001385BB /* Assets.xcassets in Resources */,
				18502C6A24EAD39C001385BB /* Main.storyboard in Resources */,
			);
			runOnlyForDeploymentPostprocessing = 0;
		};
		18502C7324EAD3A2001385BB /* Resources */ = {
			isa = PBXResourcesBuildPhase;
			buildActionMask = 2147483647;
			files = (
			);
			runOnlyForDeploymentPostprocessing = 0;
		};
		18502C7E24EAD3A2001385BB /* Resources */ = {
			isa = PBXResourcesBuildPhase;
			buildActionMask = 2147483647;
			files = (
			);
			runOnlyForDeploymentPostprocessing = 0;
		};
/* End PBXResourcesBuildPhase section */

/* Begin PBXShellScriptBuildPhase section */
		3B9A8D1129AFB6B0CA15EB59 /* [CP] Embed Pods Frameworks */ = {
			isa = PBXShellScriptBuildPhase;
			buildActionMask = 2147483647;
			files = (
			);
			inputFileListPaths = (
				"${PODS_ROOT}/Target Support Files/Pods-GoodBitsStore/Pods-GoodBitsStore-frameworks-${CONFIGURATION}-input-files.xcfilelist",
			);
			name = "[CP] Embed Pods Frameworks";
			outputFileListPaths = (
				"${PODS_ROOT}/Target Support Files/Pods-GoodBitsStore/Pods-GoodBitsStore-frameworks-${CONFIGURATION}-output-files.xcfilelist",
			);
			runOnlyForDeploymentPostprocessing = 0;
			shellPath = /bin/sh;
			shellScript = "\"${PODS_ROOT}/Target Support Files/Pods-GoodBitsStore/Pods-GoodBitsStore-frameworks.sh\"\n";
			showEnvVarsInLog = 0;
		};
		92A5F8E732FFA33BFC6EF5A7 /* [CP] Embed Pods Frameworks */ = {
			isa = PBXShellScriptBuildPhase;
			buildActionMask = 2147483647;
			files = (
			);
			inputFileListPaths = (
				"${PODS_ROOT}/Target Support Files/Pods-GoodBitsStore-GoodBitsStoreUITests/Pods-GoodBitsStore-GoodBitsStoreUITests-frameworks-${CONFIGURATION}-input-files.xcfilelist",
			);
			name = "[CP] Embed Pods Frameworks";
			outputFileListPaths = (
				"${PODS_ROOT}/Target Support Files/Pods-GoodBitsStore-GoodBitsStoreUITests/Pods-GoodBitsStore-GoodBitsStoreUITests-frameworks-${CONFIGURATION}-output-files.xcfilelist",
			);
			runOnlyForDeploymentPostprocessing = 0;
			shellPath = /bin/sh;
			shellScript = "\"${PODS_ROOT}/Target Support Files/Pods-GoodBitsStore-GoodBitsStoreUITests/Pods-GoodBitsStore-GoodBitsStoreUITests-frameworks.sh\"\n";
			showEnvVarsInLog = 0;
		};
		9D3490F124ED55350008BC53 /* ShellScript */ = {
			isa = PBXShellScriptBuildPhase;
			buildActionMask = 2147483647;
			files = (
			);
			inputFileListPaths = (
			);
			inputPaths = (
			);
			outputFileListPaths = (
			);
			outputPaths = (
			);
			runOnlyForDeploymentPostprocessing = 0;
			shellPath = /bin/sh;
			shellScript = "xcrun simctl uninstall booted com.vvse.toiletmap\n";
		};
		AD2E3DB734D9BD42F71AEABF /* [CP] Check Pods Manifest.lock */ = {
			isa = PBXShellScriptBuildPhase;
			buildActionMask = 2147483647;
			files = (
			);
			inputFileListPaths = (
			);
			inputPaths = (
				"${PODS_PODFILE_DIR_PATH}/Podfile.lock",
				"${PODS_ROOT}/Manifest.lock",
			);
			name = "[CP] Check Pods Manifest.lock";
			outputFileListPaths = (
			);
			outputPaths = (
				"$(DERIVED_FILE_DIR)/Pods-GoodBitsStore-checkManifestLockResult.txt",
			);
			runOnlyForDeploymentPostprocessing = 0;
			shellPath = /bin/sh;
			shellScript = "diff \"${PODS_PODFILE_DIR_PATH}/Podfile.lock\" \"${PODS_ROOT}/Manifest.lock\" > /dev/null\nif [ $? != 0 ] ; then\n    # print error to STDERR\n    echo \"error: The sandbox is not in sync with the Podfile.lock. Run 'pod install' or update your CocoaPods installation.\" >&2\n    exit 1\nfi\n# This output is used by Xcode 'outputs' to avoid re-running this script phase.\necho \"SUCCESS\" > \"${SCRIPT_OUTPUT_FILE_0}\"\n";
			showEnvVarsInLog = 0;
		};
		BF2542AE14F9FC116BEE1AB0 /* [CP] Check Pods Manifest.lock */ = {
			isa = PBXShellScriptBuildPhase;
			buildActionMask = 2147483647;
			files = (
			);
			inputFileListPaths = (
			);
			inputPaths = (
				"${PODS_PODFILE_DIR_PATH}/Podfile.lock",
				"${PODS_ROOT}/Manifest.lock",
			);
			name = "[CP] Check Pods Manifest.lock";
			outputFileListPaths = (
			);
			outputPaths = (
				"$(DERIVED_FILE_DIR)/Pods-GoodBitsStoreTests-checkManifestLockResult.txt",
			);
			runOnlyForDeploymentPostprocessing = 0;
			shellPath = /bin/sh;
			shellScript = "diff \"${PODS_PODFILE_DIR_PATH}/Podfile.lock\" \"${PODS_ROOT}/Manifest.lock\" > /dev/null\nif [ $? != 0 ] ; then\n    # print error to STDERR\n    echo \"error: The sandbox is not in sync with the Podfile.lock. Run 'pod install' or update your CocoaPods installation.\" >&2\n    exit 1\nfi\n# This output is used by Xcode 'outputs' to avoid re-running this script phase.\necho \"SUCCESS\" > \"${SCRIPT_OUTPUT_FILE_0}\"\n";
			showEnvVarsInLog = 0;
		};
		E325573B297B4867DB4BDE81 /* [CP] Check Pods Manifest.lock */ = {
			isa = PBXShellScriptBuildPhase;
			buildActionMask = 2147483647;
			files = (
			);
			inputFileListPaths = (
			);
			inputPaths = (
				"${PODS_PODFILE_DIR_PATH}/Podfile.lock",
				"${PODS_ROOT}/Manifest.lock",
			);
			name = "[CP] Check Pods Manifest.lock";
			outputFileListPaths = (
			);
			outputPaths = (
				"$(DERIVED_FILE_DIR)/Pods-GoodBitsStore-GoodBitsStoreUITests-checkManifestLockResult.txt",
			);
			runOnlyForDeploymentPostprocessing = 0;
			shellPath = /bin/sh;
			shellScript = "diff \"${PODS_PODFILE_DIR_PATH}/Podfile.lock\" \"${PODS_ROOT}/Manifest.lock\" > /dev/null\nif [ $? != 0 ] ; then\n    # print error to STDERR\n    echo \"error: The sandbox is not in sync with the Podfile.lock. Run 'pod install' or update your CocoaPods installation.\" >&2\n    exit 1\nfi\n# This output is used by Xcode 'outputs' to avoid re-running this script phase.\necho \"SUCCESS\" > \"${SCRIPT_OUTPUT_FILE_0}\"\n";
			showEnvVarsInLog = 0;
		};
/* End PBXShellScriptBuildPhase section */

/* Begin PBXSourcesBuildPhase section */
		18502C5B24EAD39C001385BB /* Sources */ = {
			isa = PBXSourcesBuildPhase;
			buildActionMask = 2147483647;
			files = (
				18502CA724EADE03001385BB /* Results.swift in Sources */,
				18F168A924EAE402003104FD /* Floormap.swift in Sources */,
				18F168AD24EAE4EE003104FD /* HomePickUpLocViewController.swift in Sources */,
				18F168AF24EAE520003104FD /* NSObject+Ext.swift in Sources */,
				18F168AA24EAE402003104FD /* Pickup.swift in Sources */,
				18F168A624EAE402003104FD /* Primary.swift in Sources */,
				18F168B124EAE5D7003104FD /* HomePickupLocViewModel.swift in Sources */,
				18502CA324EADA6D001385BB /* Constants.swift in Sources */,
				18F168A824EAE402003104FD /* Images.swift in Sources */,
				18F168AB24EAE402003104FD /* Store.swift in Sources */,
				18F168A724EAE402003104FD /* Features.swift in Sources */,
				18502C6324EAD39C001385BB /* AppDelegate.swift in Sources */,
				1845667A24ECBF27006CE14F /* UIButtonCustom.swift in Sources */,
				183E4B3B24EB74E900394B54 /* HomePickUpLocTableViewCell.swift in Sources */,
				183E4B3824EB729E00394B54 /* SASSuperAlert.swift in Sources */,
				9D43EDA024EBCF2E00ABFE7F /* Double+Ext.swift in Sources */,
				1845667824ECBF1C006CE14F /* UIViewCustom.swift in Sources */,
				18502CA024EAD995001385BB /* APILibrary.swift in Sources */,
				18502C6524EAD39C001385BB /* SceneDelegate.swift in Sources */,
				183E4B3D24EB79AF00394B54 /* HomePickUpLocCellModel.swift in Sources */,
				18F1689F24EAE3E6003104FD /* PickupLocationsModel.swift in Sources */,
				18502CAA24EADE3E001385BB /* ModelResponse.swift in Sources */,
			);
			runOnlyForDeploymentPostprocessing = 0;
		};
		18502C7124EAD3A2001385BB /* Sources */ = {
			isa = PBXSourcesBuildPhase;
			buildActionMask = 2147483647;
			files = (
				1866312624EC2006005F83B5 /* APILibraryTests.swift in Sources */,
				18502C7A24EAD3A2001385BB /* GoodBitsStoreTests.swift in Sources */,
			);
			runOnlyForDeploymentPostprocessing = 0;
		};
		18502C7C24EAD3A2001385BB /* Sources */ = {
			isa = PBXSourcesBuildPhase;
			buildActionMask = 2147483647;
			files = (
				18502C8524EAD3A2001385BB /* GoodBitsStoreUITests.swift in Sources */,
			);
			runOnlyForDeploymentPostprocessing = 0;
		};
/* End PBXSourcesBuildPhase section */

/* Begin PBXTargetDependency section */
		18502C7724EAD3A2001385BB /* PBXTargetDependency */ = {
			isa = PBXTargetDependency;
			target = 18502C5E24EAD39C001385BB /* GoodBitsStore */;
			targetProxy = 18502C7624EAD3A2001385BB /* PBXContainerItemProxy */;
		};
		18502C8224EAD3A2001385BB /* PBXTargetDependency */ = {
			isa = PBXTargetDependency;
			target = 18502C5E24EAD39C001385BB /* GoodBitsStore */;
			targetProxy = 18502C8124EAD3A2001385BB /* PBXContainerItemProxy */;
		};
/* End PBXTargetDependency section */

/* Begin PBXVariantGroup section */
		18502C6824EAD39C001385BB /* Main.storyboard */ = {
			isa = PBXVariantGroup;
			children = (
				18502C6924EAD39C001385BB /* Base */,
			);
			name = Main.storyboard;
			sourceTree = "<group>";
		};
		18502C6D24EAD3A1001385BB /* LaunchScreen.storyboard */ = {
			isa = PBXVariantGroup;
			children = (
				18502C6E24EAD3A1001385BB /* Base */,
			);
			name = LaunchScreen.storyboard;
			sourceTree = "<group>";
		};
/* End PBXVariantGroup section */

/* Begin XCBuildConfiguration section */
		18502C8724EAD3A2001385BB /* Debug */ = {
			isa = XCBuildConfiguration;
			buildSettings = {
				ALWAYS_SEARCH_USER_PATHS = NO;
				CLANG_ANALYZER_NONNULL = YES;
				CLANG_ANALYZER_NUMBER_OBJECT_CONVERSION = YES_AGGRESSIVE;
				CLANG_CXX_LANGUAGE_STANDARD = "gnu++14";
				CLANG_CXX_LIBRARY = "libc++";
				CLANG_ENABLE_MODULES = YES;
				CLANG_ENABLE_OBJC_ARC = YES;
				CLANG_ENABLE_OBJC_WEAK = YES;
				CLANG_WARN_BLOCK_CAPTURE_AUTORELEASING = YES;
				CLANG_WARN_BOOL_CONVERSION = YES;
				CLANG_WARN_COMMA = YES;
				CLANG_WARN_CONSTANT_CONVERSION = YES;
				CLANG_WARN_DEPRECATED_OBJC_IMPLEMENTATIONS = YES;
				CLANG_WARN_DIRECT_OBJC_ISA_USAGE = YES_ERROR;
				CLANG_WARN_DOCUMENTATION_COMMENTS = YES;
				CLANG_WARN_EMPTY_BODY = YES;
				CLANG_WARN_ENUM_CONVERSION = YES;
				CLANG_WARN_INFINITE_RECURSION = YES;
				CLANG_WARN_INT_CONVERSION = YES;
				CLANG_WARN_NON_LITERAL_NULL_CONVERSION = YES;
				CLANG_WARN_OBJC_IMPLICIT_RETAIN_SELF = YES;
				CLANG_WARN_OBJC_LITERAL_CONVERSION = YES;
				CLANG_WARN_OBJC_ROOT_CLASS = YES_ERROR;
				CLANG_WARN_RANGE_LOOP_ANALYSIS = YES;
				CLANG_WARN_STRICT_PROTOTYPES = YES;
				CLANG_WARN_SUSPICIOUS_MOVE = YES;
				CLANG_WARN_UNGUARDED_AVAILABILITY = YES_AGGRESSIVE;
				CLANG_WARN_UNREACHABLE_CODE = YES;
				CLANG_WARN__DUPLICATE_METHOD_MATCH = YES;
				COPY_PHASE_STRIP = NO;
				DEBUG_INFORMATION_FORMAT = dwarf;
				ENABLE_STRICT_OBJC_MSGSEND = YES;
				ENABLE_TESTABILITY = YES;
				GCC_C_LANGUAGE_STANDARD = gnu11;
				GCC_DYNAMIC_NO_PIC = NO;
				GCC_NO_COMMON_BLOCKS = YES;
				GCC_OPTIMIZATION_LEVEL = 0;
				GCC_PREPROCESSOR_DEFINITIONS = (
					"DEBUG=1",
					"$(inherited)",
				);
				GCC_WARN_64_TO_32_BIT_CONVERSION = YES;
				GCC_WARN_ABOUT_RETURN_TYPE = YES_ERROR;
				GCC_WARN_UNDECLARED_SELECTOR = YES;
				GCC_WARN_UNINITIALIZED_AUTOS = YES_AGGRESSIVE;
				GCC_WARN_UNUSED_FUNCTION = YES;
				GCC_WARN_UNUSED_VARIABLE = YES;
				IPHONEOS_DEPLOYMENT_TARGET = 13.6;
				MTL_ENABLE_DEBUG_INFO = INCLUDE_SOURCE;
				MTL_FAST_MATH = YES;
				ONLY_ACTIVE_ARCH = YES;
				SDKROOT = iphoneos;
				SWIFT_ACTIVE_COMPILATION_CONDITIONS = DEBUG;
				SWIFT_OPTIMIZATION_LEVEL = "-Onone";
			};
			name = Debug;
		};
		18502C8824EAD3A2001385BB /* Release */ = {
			isa = XCBuildConfiguration;
			buildSettings = {
				ALWAYS_SEARCH_USER_PATHS = NO;
				CLANG_ANALYZER_NONNULL = YES;
				CLANG_ANALYZER_NUMBER_OBJECT_CONVERSION = YES_AGGRESSIVE;
				CLANG_CXX_LANGUAGE_STANDARD = "gnu++14";
				CLANG_CXX_LIBRARY = "libc++";
				CLANG_ENABLE_MODULES = YES;
				CLANG_ENABLE_OBJC_ARC = YES;
				CLANG_ENABLE_OBJC_WEAK = YES;
				CLANG_WARN_BLOCK_CAPTURE_AUTORELEASING = YES;
				CLANG_WARN_BOOL_CONVERSION = YES;
				CLANG_WARN_COMMA = YES;
				CLANG_WARN_CONSTANT_CONVERSION = YES;
				CLANG_WARN_DEPRECATED_OBJC_IMPLEMENTATIONS = YES;
				CLANG_WARN_DIRECT_OBJC_ISA_USAGE = YES_ERROR;
				CLANG_WARN_DOCUMENTATION_COMMENTS = YES;
				CLANG_WARN_EMPTY_BODY = YES;
				CLANG_WARN_ENUM_CONVERSION = YES;
				CLANG_WARN_INFINITE_RECURSION = YES;
				CLANG_WARN_INT_CONVERSION = YES;
				CLANG_WARN_NON_LITERAL_NULL_CONVERSION = YES;
				CLANG_WARN_OBJC_IMPLICIT_RETAIN_SELF = YES;
				CLANG_WARN_OBJC_LITERAL_CONVERSION = YES;
				CLANG_WARN_OBJC_ROOT_CLASS = YES_ERROR;
				CLANG_WARN_RANGE_LOOP_ANALYSIS = YES;
				CLANG_WARN_STRICT_PROTOTYPES = YES;
				CLANG_WARN_SUSPICIOUS_MOVE = YES;
				CLANG_WARN_UNGUARDED_AVAILABILITY = YES_AGGRESSIVE;
				CLANG_WARN_UNREACHABLE_CODE = YES;
				CLANG_WARN__DUPLICATE_METHOD_MATCH = YES;
				COPY_PHASE_STRIP = NO;
				DEBUG_INFORMATION_FORMAT = "dwarf-with-dsym";
				ENABLE_NS_ASSERTIONS = NO;
				ENABLE_STRICT_OBJC_MSGSEND = YES;
				GCC_C_LANGUAGE_STANDARD = gnu11;
				GCC_NO_COMMON_BLOCKS = YES;
				GCC_WARN_64_TO_32_BIT_CONVERSION = YES;
				GCC_WARN_ABOUT_RETURN_TYPE = YES_ERROR;
				GCC_WARN_UNDECLARED_SELECTOR = YES;
				GCC_WARN_UNINITIALIZED_AUTOS = YES_AGGRESSIVE;
				GCC_WARN_UNUSED_FUNCTION = YES;
				GCC_WARN_UNUSED_VARIABLE = YES;
				IPHONEOS_DEPLOYMENT_TARGET = 13.6;
				MTL_ENABLE_DEBUG_INFO = NO;
				MTL_FAST_MATH = YES;
				SDKROOT = iphoneos;
				SWIFT_COMPILATION_MODE = wholemodule;
				SWIFT_OPTIMIZATION_LEVEL = "-O";
				VALIDATE_PRODUCT = YES;
			};
			name = Release;
		};
		18502C8A24EAD3A2001385BB /* Debug */ = {
			isa = XCBuildConfiguration;
			baseConfigurationReference = 8ABBF1A390877B9768A3C54B /* Pods-GoodBitsStore.debug.xcconfig */;
			buildSettings = {
				ASSETCATALOG_COMPILER_APPICON_NAME = AppIcon;
				CODE_SIGN_STYLE = Automatic;
				DEVELOPMENT_TEAM = 3P3J8AFD59;
				INFOPLIST_FILE = GoodBitsStore/ConfigFiles/Info.plist;
				IPHONEOS_DEPLOYMENT_TARGET = 10.0;
				LD_RUNPATH_SEARCH_PATHS = (
					"$(inherited)",
					"@executable_path/Frameworks",
				);
				PRODUCT_BUNDLE_IDENTIFIER = com.TechTonic.GoodBitsStore;
				PRODUCT_NAME = "$(TARGET_NAME)";
				SWIFT_VERSION = 5.0;
				TARGETED_DEVICE_FAMILY = 1;
			};
			name = Debug;
		};
		18502C8B24EAD3A2001385BB /* Release */ = {
			isa = XCBuildConfiguration;
			baseConfigurationReference = 4EBADD5272BF08810CDDBF3E /* Pods-GoodBitsStore.release.xcconfig */;
			buildSettings = {
				ASSETCATALOG_COMPILER_APPICON_NAME = AppIcon;
				CODE_SIGN_STYLE = Automatic;
				DEVELOPMENT_TEAM = 3P3J8AFD59;
				INFOPLIST_FILE = GoodBitsStore/ConfigFiles/Info.plist;
				IPHONEOS_DEPLOYMENT_TARGET = 10.0;
				LD_RUNPATH_SEARCH_PATHS = (
					"$(inherited)",
					"@executable_path/Frameworks",
				);
				PRODUCT_BUNDLE_IDENTIFIER = com.TechTonic.GoodBitsStore;
				PRODUCT_NAME = "$(TARGET_NAME)";
				SWIFT_VERSION = 5.0;
				TARGETED_DEVICE_FAMILY = 1;
			};
			name = Release;
		};
		18502C8D24EAD3A2001385BB /* Debug */ = {
			isa = XCBuildConfiguration;
			baseConfigurationReference = BB555625ECA3DA8A0FA570C9 /* Pods-GoodBitsStoreTests.debug.xcconfig */;
			buildSettings = {
				ALWAYS_EMBED_SWIFT_STANDARD_LIBRARIES = YES;
				BUNDLE_LOADER = "$(TEST_HOST)";
				CODE_SIGN_STYLE = Automatic;
				DEVELOPMENT_TEAM = 3P3J8AFD59;
				INFOPLIST_FILE = GoodBitsStoreTests/Info.plist;
				IPHONEOS_DEPLOYMENT_TARGET = 13.6;
				LD_RUNPATH_SEARCH_PATHS = (
					"$(inherited)",
					"@executable_path/Frameworks",
					"@loader_path/Frameworks",
				);
				PRODUCT_BUNDLE_IDENTIFIER = com.TechTonic.GoodBitsStoreTests;
				PRODUCT_NAME = "$(TARGET_NAME)";
				SWIFT_VERSION = 5.0;
				TARGETED_DEVICE_FAMILY = "1,2";
				TEST_HOST = "$(BUILT_PRODUCTS_DIR)/GoodBitsStore.app/GoodBitsStore";
			};
			name = Debug;
		};
		18502C8E24EAD3A2001385BB /* Release */ = {
			isa = XCBuildConfiguration;
			baseConfigurationReference = D9D0DFA2AD036612B8C4A197 /* Pods-GoodBitsStoreTests.release.xcconfig */;
			buildSettings = {
				ALWAYS_EMBED_SWIFT_STANDARD_LIBRARIES = YES;
				BUNDLE_LOADER = "$(TEST_HOST)";
				CODE_SIGN_STYLE = Automatic;
				DEVELOPMENT_TEAM = 3P3J8AFD59;
				INFOPLIST_FILE = GoodBitsStoreTests/Info.plist;
				IPHONEOS_DEPLOYMENT_TARGET = 13.6;
				LD_RUNPATH_SEARCH_PATHS = (
					"$(inherited)",
					"@executable_path/Frameworks",
					"@loader_path/Frameworks",
				);
				PRODUCT_BUNDLE_IDENTIFIER = com.TechTonic.GoodBitsStoreTests;
				PRODUCT_NAME = "$(TARGET_NAME)";
				SWIFT_VERSION = 5.0;
				TARGETED_DEVICE_FAMILY = "1,2";
				TEST_HOST = "$(BUILT_PRODUCTS_DIR)/GoodBitsStore.app/GoodBitsStore";
			};
			name = Release;
		};
		18502C9024EAD3A2001385BB /* Debug */ = {
			isa = XCBuildConfiguration;
			baseConfigurationReference = 9C54E369006F5B089B02F207 /* Pods-GoodBitsStore-GoodBitsStoreUITests.debug.xcconfig */;
			buildSettings = {
				ALWAYS_EMBED_SWIFT_STANDARD_LIBRARIES = YES;
				CODE_SIGN_STYLE = Automatic;
				DEVELOPMENT_TEAM = 3P3J8AFD59;
				INFOPLIST_FILE = GoodBitsStoreUITests/Info.plist;
				LD_RUNPATH_SEARCH_PATHS = (
					"$(inherited)",
					"@executable_path/Frameworks",
					"@loader_path/Frameworks",
				);
				PRODUCT_BUNDLE_IDENTIFIER = com.TechTonic.GoodBitsStoreUITests;
				PRODUCT_NAME = "$(TARGET_NAME)";
				SWIFT_VERSION = 5.0;
				TARGETED_DEVICE_FAMILY = "1,2";
				TEST_TARGET_NAME = GoodBitsStore;
			};
			name = Debug;
		};
		18502C9124EAD3A2001385BB /* Release */ = {
			isa = XCBuildConfiguration;
			baseConfigurationReference = 0B1667480FAB6BB90147E0D2 /* Pods-GoodBitsStore-GoodBitsStoreUITests.release.xcconfig */;
			buildSettings = {
				ALWAYS_EMBED_SWIFT_STANDARD_LIBRARIES = YES;
				CODE_SIGN_STYLE = Automatic;
				DEVELOPMENT_TEAM = 3P3J8AFD59;
				INFOPLIST_FILE = GoodBitsStoreUITests/Info.plist;
				LD_RUNPATH_SEARCH_PATHS = (
					"$(inherited)",
					"@executable_path/Frameworks",
					"@loader_path/Frameworks",
				);
				PRODUCT_BUNDLE_IDENTIFIER = com.TechTonic.GoodBitsStoreUITests;
				PRODUCT_NAME = "$(TARGET_NAME)";
				SWIFT_VERSION = 5.0;
				TARGETED_DEVICE_FAMILY = "1,2";
				TEST_TARGET_NAME = GoodBitsStore;
			};
			name = Release;
		};
/* End XCBuildConfiguration section */

/* Begin XCConfigurationList section */
		18502C5A24EAD39C001385BB /* Build configuration list for PBXProject "GoodBitsStore" */ = {
			isa = XCConfigurationList;
			buildConfigurations = (
				18502C8724EAD3A2001385BB /* Debug */,
				18502C8824EAD3A2001385BB /* Release */,
			);
			defaultConfigurationIsVisible = 0;
			defaultConfigurationName = Release;
		};
		18502C8924EAD3A2001385BB /* Build configuration list for PBXNativeTarget "GoodBitsStore" */ = {
			isa = XCConfigurationList;
			buildConfigurations = (
				18502C8A24EAD3A2001385BB /* Debug */,
				18502C8B24EAD3A2001385BB /* Release */,
			);
			defaultConfigurationIsVisible = 0;
			defaultConfigurationName = Release;
		};
		18502C8C24EAD3A2001385BB /* Build configuration list for PBXNativeTarget "GoodBitsStoreTests" */ = {
			isa = XCConfigurationList;
			buildConfigurations = (
				18502C8D24EAD3A2001385BB /* Debug */,
				18502C8E24EAD3A2001385BB /* Release */,
			);
			defaultConfigurationIsVisible = 0;
			defaultConfigurationName = Release;
		};
		18502C8F24EAD3A2001385BB /* Build configuration list for PBXNativeTarget "GoodBitsStoreUITests" */ = {
			isa = XCConfigurationList;
			buildConfigurations = (
				18502C9024EAD3A2001385BB /* Debug */,
				18502C9124EAD3A2001385BB /* Release */,
			);
			defaultConfigurationIsVisible = 0;
			defaultConfigurationName = Release;
		};
/* End XCConfigurationList section */

/* Begin XCRemoteSwiftPackageReference section */
		1845667B24ECCE69006CE14F /* XCRemoteSwiftPackageReference "APILib" */ = {
			isa = XCRemoteSwiftPackageReference;
			repositoryURL = "https://github.com/AnupSukumaran/APILib.git";
			requirement = {
				kind = upToNextMajorVersion;
				minimumVersion = 1.1.6;
			};
		};
		18502C9624EAD713001385BB /* XCRemoteSwiftPackageReference "Alamofire" */ = {
			isa = XCRemoteSwiftPackageReference;
			repositoryURL = "https://github.com/Alamofire/Alamofire.git";
			requirement = {
				kind = upToNextMajorVersion;
				minimumVersion = 5.2.2;
			};
		};
		18502CAB24EADE91001385BB /* XCRemoteSwiftPackageReference "SASLogger" */ = {
			isa = XCRemoteSwiftPackageReference;
			repositoryURL = "https://github.com/AnupSukumaran/SASLogger.git";
			requirement = {
				kind = upToNextMajorVersion;
				minimumVersion = 1.0.0;
			};
		};
/* End XCRemoteSwiftPackageReference section */

/* Begin XCSwiftPackageProductDependency section */
		1845667C24ECCE69006CE14F /* APILib */ = {
			isa = XCSwiftPackageProductDependency;
			package = 1845667B24ECCE69006CE14F /* XCRemoteSwiftPackageReference "APILib" */;
			productName = APILib;
		};
		18502C9724EAD713001385BB /* Alamofire */ = {
			isa = XCSwiftPackageProductDependency;
			package = 18502C9624EAD713001385BB /* XCRemoteSwiftPackageReference "Alamofire" */;
			productName = Alamofire;
		};
		18502CAC24EADE91001385BB /* SASLogger */ = {
			isa = XCSwiftPackageProductDependency;
			package = 18502CAB24EADE91001385BB /* XCRemoteSwiftPackageReference "SASLogger" */;
			productName = SASLogger;
		};
/* End XCSwiftPackageProductDependency section */
	};
	rootObject = 18502C5724EAD39C001385BB /* Project object */;
}
